
Microsoft Visual Studio Solution File, Format Version 12.00
# Visual Studio Version 16
VisualStudioVersion = 16.0.32413.511
MinimumVisualStudioVersion = 10.0.40219.1
Project("{FAE04EC0-301F-11D3-BF4B-00C04F79EFBC}") = "PayMobIntegration", "PayMobIntegration\PayMobIntegration.csproj", "{D2AAD84B-CB08-4DC6-A7CC-B4CD975F2CAC}"
EndProject
Global
	GlobalSection(SolutionConfigurationPlatforms) = preSolution
		Debug|Any CPU = Debug|Any CPU
		Release|Any CPU = Release|Any CPU
	EndGlobalSection
	GlobalSection(ProjectConfigurationPlatforms) = postSolution
		{D2AAD84B-CB08-4DC6-A7CC-B4CD975F2CAC}.Debug|Any CPU.ActiveCfg = Debug|Any CPU
		{D2AAD84B-CB08-4DC6-A7CC-B4CD975F2CAC}.Debug|Any CPU.Build.0 = Debug|Any CPU
		{D2AAD84B-CB08-4DC6-A7CC-B4CD975F2CAC}.Release|Any CPU.ActiveCfg = Release|Any CPU
		{D2AAD84B-CB08-4DC6-A7CC-B4CD975F2CAC}.Release|Any CPU.Build.0 = Release|Any CPU
	EndGlobalSection
	GlobalSection(SolutionProperties) = preSolution
		HideSolutionNode = FALSE
	EndGlobalSection
	GlobalSection(ExtensibilityGlobals) = postSolution
		SolutionGuid = {B9C42FAF-D9CE-46E5-9934-DCD34E011686}
	EndGlobalSection
EndGlobal
